
Microsoft Visual Studio Solution File, Format Version 12.00
# Visual Studio Version 16
VisualStudioVersion = 16.0.30517.126
MinimumVisualStudioVersion = 10.0.40219.1
Project("{FAE04EC0-301F-11D3-BF4B-00C04F79EFBC}") = "WebBanLinhKien", "WebBanLinhKien.csproj", "{F571B3AA-F4BB-4B8A-84FE-F3E913B63928}"
EndProject
Global
	GlobalSection(SolutionConfigurationPlatforms) = preSolution
		Debug|Any CPU = Debug|Any CPU
		Release|Any CPU = Release|Any CPU
	EndGlobalSection
	GlobalSection(ProjectConfigurationPlatforms) = postSolution
		{F571B3AA-F4BB-4B8A-84FE-F3E913B63928}.Debug|Any CPU.ActiveCfg = Debug|Any CPU
		{F571B3AA-F4BB-4B8A-84FE-F3E913B63928}.Debug|Any CPU.Build.0 = Debug|Any CPU
		{F571B3AA-F4BB-4B8A-84FE-F3E913B63928}.Release|Any CPU.ActiveCfg = Release|Any CPU
		{F571B3AA-F4BB-4B8A-84FE-F3E913B63928}.Release|Any CPU.Build.0 = Release|Any CPU
	EndGlobalSection
	GlobalSection(SolutionProperties) = preSolution
		HideSolutionNode = FALSE
	EndGlobalSection
	GlobalSection(ExtensibilityGlobals) = postSolution
		SolutionGuid = {3DC01BD5-B4EF-4A94-9353-23B569AFB086}
	EndGlobalSection
EndGlobal
